github.com/stewelarend/logger v0.0.2-0.20210527194720-308ba4de2f2f h1:ucKdYHrEl1nuDi/0XzyLtnwOPcuG5ssA+28THSfkx2g=
github.com/stewelarend/logger v0.0.2-0.20210527194720-308ba4de2f2f/go.mod h1:9N9cjtsb9vHO+Noy17MDNMmH4fL1jBpGJ2HIxQyljvo=
github.com/stewelarend/logger v0.0.2 h1:xrETzmMUM1s/BS7RjFmEmc+52OTarGf04QfU7R7ZhaQ=
github.com/stewelarend/logger v0.0.2/go.mod h1:9N9cjtsb9vHO+Noy17MDNMmH4fL1jBpGJ2HIxQyljvo=
